{
  "name": "server",
  "lockfileVersion": 2,
  "requires": true,
  "packages": {
    "": {
      "dependencies": {
        "bank-app": "file:.."
      }
    },
    "..": {
      "version": "1.0.0",
      "license": "ISC"
    },
    "node_modules/bank-app": {
      "resolved": "..",
      "link": true
    }
  },
  "dependencies": {
    "bank-app": {
      "version": "file:.."
    }
  }
}
